
Microsoft Visual Studio Solution File, Format Version 12.00
# Visual Studio Version 17
VisualStudioVersion = 17.6.33829.357
MinimumVisualStudioVersion = 10.0.40219.1
Project("{9A19103F-16F7-4668-BE54-9A1E7A4F7556}") = "QuadrilateralExercise", "QuadrilateralExercise.csproj", "{E97DE7B7-DA1C-435D-AC29-45478A92DC77}"
EndProject
Project("{9A19103F-16F7-4668-BE54-9A1E7A4F7556}") = "QuadrilateralExercise.Domain", "..\QuadrilateralExercise.Domain\QuadrilateralExercise.Domain.csproj", "{4763B70A-0066-4620-A0D9-ABF8F1E0D0A8}"
EndProject
Project("{9A19103F-16F7-4668-BE54-9A1E7A4F7556}") = "QuadrilateralExercise.Helpers", "..\QuadrilateralExercise.Helpers\QuadrilateralExercise.Helpers.csproj", "{DC526EEB-6027-4568-B410-4008114EE75E}"
EndProject
Project("{9A19103F-16F7-4668-BE54-9A1E7A4F7556}") = "QuadrilateralExercise.Services", "..\QuadrilateralExercise.Services\QuadrilateralExercise.Services.csproj", "{DDA6F1C4-0C34-4CA6-8F33-0D68FEFAD9E0}"
EndProject
Project("{FAE04EC0-301F-11D3-BF4B-00C04F79EFBC}") = "QuadrilateralExercise.Validators", "..\QuadrilateralExercise.Validators\QuadrilateralExercise.Validators.csproj", "{C365001D-592B-4B41-BA0F-D93DF08C6BF2}"
EndProject
Global
	GlobalSection(SolutionConfigurationPlatforms) = preSolution
		Debug|Any CPU = Debug|Any CPU
		Release|Any CPU = Release|Any CPU
	EndGlobalSection
	GlobalSection(ProjectConfigurationPlatforms) = postSolution
		{E97DE7B7-DA1C-435D-AC29-45478A92DC77}.Debug|Any CPU.ActiveCfg = Debug|Any CPU
		{E97DE7B7-DA1C-435D-AC29-45478A92DC77}.Debug|Any CPU.Build.0 = Debug|Any CPU
		{E97DE7B7-DA1C-435D-AC29-45478A92DC77}.Release|Any CPU.ActiveCfg = Release|Any CPU
		{E97DE7B7-DA1C-435D-AC29-45478A92DC77}.Release|Any CPU.Build.0 = Release|Any CPU
		{4763B70A-0066-4620-A0D9-ABF8F1E0D0A8}.Debug|Any CPU.ActiveCfg = Debug|Any CPU
		{4763B70A-0066-4620-A0D9-ABF8F1E0D0A8}.Debug|Any CPU.Build.0 = Debug|Any CPU
		{4763B70A-0066-4620-A0D9-ABF8F1E0D0A8}.Release|Any CPU.ActiveCfg = Release|Any CPU
		{4763B70A-0066-4620-A0D9-ABF8F1E0D0A8}.Release|Any CPU.Build.0 = Release|Any CPU
		{DC526EEB-6027-4568-B410-4008114EE75E}.Debug|Any CPU.ActiveCfg = Debug|Any CPU
		{DC526EEB-6027-4568-B410-4008114EE75E}.Debug|Any CPU.Build.0 = Debug|Any CPU
		{DC526EEB-6027-4568-B410-4008114EE75E}.Release|Any CPU.ActiveCfg = Release|Any CPU
		{DC526EEB-6027-4568-B410-4008114EE75E}.Release|Any CPU.Build.0 = Release|Any CPU
		{DDA6F1C4-0C34-4CA6-8F33-0D68FEFAD9E0}.Debug|Any CPU.ActiveCfg = Debug|Any CPU
		{DDA6F1C4-0C34-4CA6-8F33-0D68FEFAD9E0}.Debug|Any CPU.Build.0 = Debug|Any CPU
		{DDA6F1C4-0C34-4CA6-8F33-0D68FEFAD9E0}.Release|Any CPU.ActiveCfg = Release|Any CPU
		{DDA6F1C4-0C34-4CA6-8F33-0D68FEFAD9E0}.Release|Any CPU.Build.0 = Release|Any CPU
		{C365001D-592B-4B41-BA0F-D93DF08C6BF2}.Debug|Any CPU.ActiveCfg = Debug|Any CPU
		{C365001D-592B-4B41-BA0F-D93DF08C6BF2}.Debug|Any CPU.Build.0 = Debug|Any CPU
		{C365001D-592B-4B41-BA0F-D93DF08C6BF2}.Release|Any CPU.ActiveCfg = Release|Any CPU
		{C365001D-592B-4B41-BA0F-D93DF08C6BF2}.Release|Any CPU.Build.0 = Release|Any CPU
	EndGlobalSection
	GlobalSection(SolutionProperties) = preSolution
		HideSolutionNode = FALSE
	EndGlobalSection
	GlobalSection(ExtensibilityGlobals) = postSolution
		SolutionGuid = {B6111F41-3903-4D74-AFF4-CE42AACF1845}
	EndGlobalSection
EndGlobal
