
Microsoft Visual Studio Solution File, Format Version 12.00
# Visual Studio Version 17
VisualStudioVersion = 17.6.33829.357
MinimumVisualStudioVersion = 10.0.40219.1
Project("{9A19103F-16F7-4668-BE54-9A1E7A4F7556}") = "PointInQuadrilateral", "PointInQuadrilateral.csproj", "{D26BC179-3F64-4F15-B6F8-C095EED3CBF8}"
EndProject
Project("{FAE04EC0-301F-11D3-BF4B-00C04F79EFBC}") = "PointInQuadrilateralTests", "..\PointInQuadrilateralTests3\PointInQuadrilateralTests.csproj", "{61FC135C-B96A-4BBB-934A-ADE0C1691264}"
EndProject
Global
	GlobalSection(SolutionConfigurationPlatforms) = preSolution
		Debug|Any CPU = Debug|Any CPU
		Release|Any CPU = Release|Any CPU
	EndGlobalSection
	GlobalSection(ProjectConfigurationPlatforms) = postSolution
		{D26BC179-3F64-4F15-B6F8-C095EED3CBF8}.Debug|Any CPU.ActiveCfg = Debug|Any CPU
		{D26BC179-3F64-4F15-B6F8-C095EED3CBF8}.Debug|Any CPU.Build.0 = Debug|Any CPU
		{D26BC179-3F64-4F15-B6F8-C095EED3CBF8}.Release|Any CPU.ActiveCfg = Release|Any CPU
		{D26BC179-3F64-4F15-B6F8-C095EED3CBF8}.Release|Any CPU.Build.0 = Release|Any CPU
		{61FC135C-B96A-4BBB-934A-ADE0C1691264}.Debug|Any CPU.ActiveCfg = Debug|Any CPU
		{61FC135C-B96A-4BBB-934A-ADE0C1691264}.Debug|Any CPU.Build.0 = Debug|Any CPU
		{61FC135C-B96A-4BBB-934A-ADE0C1691264}.Release|Any CPU.ActiveCfg = Release|Any CPU
		{61FC135C-B96A-4BBB-934A-ADE0C1691264}.Release|Any CPU.Build.0 = Release|Any CPU
	EndGlobalSection
	GlobalSection(SolutionProperties) = preSolution
		HideSolutionNode = FALSE
	EndGlobalSection
	GlobalSection(ExtensibilityGlobals) = postSolution
		SolutionGuid = {76D7DD89-498C-4278-B7E4-3B6DBA668E1F}
	EndGlobalSection
EndGlobal
